// !$*UTF8*$!
{
	archiveVersion = 1;
	classes = {
	};
	objectVersion = 46;
	objects = {

/* Begin PBXBuildFile section */
		BC1630E01B5603580021E125 /* main.m in Sources */ = {isa = PBXBuildFile; fileRef = BC1630DF1B5603580021E125 /* main.m */; };
		BC1630E31B5603580021E125 /* AppDelegate.m in Sources */ = {isa = PBXBuildFile; fileRef = BC1630E21B5603580021E125 /* AppDelegate.m */; };
		BC1630E61B5603580021E125 /* CoreData.xcdatamodeld in Sources */ = {isa = PBXBuildFile; fileRef = BC1630E41B5603580021E125 /* CoreData.xcdatamodeld */; };
		BC1630E81B5603580021E125 /* Images.xcassets in Resources */ = {isa = PBXBuildFile; fileRef = BC1630E71B5603580021E125 /* Images.xcassets */; };
		BC1630EB1B5603580021E125 /* LaunchScreen.xib in Resources */ = {isa = PBXBuildFile; fileRef = BC1630E91B5603580021E125 /* LaunchScreen.xib */; };
		BC1630F71B5603580021E125 /* CoreDataTests.m in Sources */ = {isa = PBXBuildFile; fileRef = BC1630F61B5603580021E125 /* CoreDataTests.m */; };
		BC1631011B5609310021E125 /* Main.storyboard in Resources */ = {isa = PBXBuildFile; fileRef = BC1631001B5609310021E125 /* Main.storyboard */; };
		BC1631041B560A750021E125 /* CoreDataViewController.m in Sources */ = {isa = PBXBuildFile; fileRef = BC1631031B560A750021E125 /* CoreDataViewController.m */; };
/* End PBXBuildFile section */

/* Begin PBXContainerItemProxy section */
		BC1630F11B5603580021E125 /* PBXContainerItemProxy */ = {
			isa = PBXContainerItemProxy;
			containerPortal = BC1630D21B5603580021E125 /* Project object */;
			proxyType = 1;
			remoteGlobalIDString = BC1630D91B5603580021E125;
			remoteInfo = CoreData;
		};
/* End PBXContainerItemProxy section */

/* Begin PBXFileReference section */
		BC1630DA1B5603580021E125 /* CoreData.app */ = {isa = PBXFileReference; explicitFileType = wrapper.application; includeInIndex = 0; path = CoreData.app; sourceTree = BUILT_PRODUCTS_DIR; };
		BC1630DE1B5603580021E125 /* Info.plist */ = {isa = PBXFileReference; lastKnownFileType = text.plist.xml; path = Info.plist; sourceTree = "<group>"; };
		BC1630DF1B5603580021E125 /* main.m */ = {isa = PBXFileReference; lastKnownFileType = sourcecode.c.objc; path = main.m; sourceTree = "<group>"; };
		BC1630E11B5603580021E125 /* AppDelegate.h */ = {isa = PBXFileReference; lastKnownFileType = sourcecode.c.h; path = AppDelegate.h; sourceTree = "<group>"; };
		BC1630E21B5603580021E125 /* AppDelegate.m */ = {isa = PBXFileReference; lastKnownFileType = sourcecode.c.objc; path = AppDelegate.m; sourceTree = "<group>"; };
		BC1630E51B5603580021E125 /* CoreData.xcdatamodel */ = {isa = PBXFileReference; lastKnownFileType = wrapper.xcdatamodel; path = CoreData.xcdatamodel; sourceTree = "<group>"; };
		BC1630E71B5603580021E125 /* Images.xcassets */ = {isa = PBXFileReference; lastKnownFileType = folder.assetcatalog; path = Images.xcassets; sourceTree = "<group>"; };
		BC1630EA1B5603580021E125 /* Base */ = {isa = PBXFileReference; lastKnownFileType = file.xib; name = Base; path = Base.lproj/LaunchScreen.xib; sourceTree = "<group>"; };
		BC1630F01B5603580021E125 /* CoreDataTests.xctest */ = {isa = PBXFileReference; explicitFileType = wrapper.cfbundle; includeInIndex = 0; path = CoreDataTests.xctest; sourceTree = BUILT_PRODUCTS_DIR; };
		BC1630F51B5603580021E125 /* Info.plist */ = {isa = PBXFileReference; lastKnownFileType = text.plist.xml; path = Info.plist; sourceTree = "<group>"; };
		BC1630F61B5603580021E125 /* CoreDataTests.m */ = {isa = PBXFileReference; lastKnownFileType = sourcecode.c.objc; path = CoreDataTests.m; sourceTree = "<group>"; };
		BC1631001B5609310021E125 /* Main.storyboard */ = {isa = PBXFileReference; fileEncoding = 4; lastKnownFileType = file.storyboard; path = Main.storyboard; sourceTree = "<group>"; };
		BC1631021B560A750021E125 /* CoreDataViewController.h */ = {isa = PBXFileReference; fileEncoding = 4; lastKnownFileType = sourcecode.c.h; path = CoreDataViewController.h; sourceTree = "<group>"; };
		BC1631031B560A750021E125 /* CoreDataViewController.m */ = {isa = PBXFileReference; fileEncoding = 4; lastKnownFileType = sourcecode.c.objc; path = CoreDataViewController.m; sourceTree = "<group>"; };
/* End PBXFileReference section */

/* Begin PBXFrameworksBuildPhase section */
		BC1630D71B5603580021E125 /* Frameworks */ = {
			isa = PBXFrameworksBuildPhase;
			buildActionMask = 2147483647;
			files = (
			);
			runOnlyForDeploymentPostprocessing = 0;
		};
		BC1630ED1B5603580021E125 /* Frameworks */ = {
			isa = PBXFrameworksBuildPhase;
			buildActionMask = 2147483647;
			files = (
			);
			runOnlyForDeploymentPostprocessing = 0;
		};
/* End PBXFrameworksBuildPhase section */

/* Begin PBXGroup section */
		BC1630D11B5603580021E125 = {
			isa = PBXGroup;
			children = (
				BC1630DC1B5603580021E125 /* CoreData */,
				BC1630F31B5603580021E125 /* CoreDataTests */,
				BC1630DB1B5603580021E125 /* Products */,
			);
			sourceTree = "<group>";
		};
		BC1630DB1B5603580021E125 /* Products */ = {
			isa = PBXGroup;
			children = (
				BC1630DA1B5603580021E125 /* CoreData.app */,
				BC1630F01B5603580021E125 /* CoreDataTests.xctest */,
			);
			name = Products;
			sourceTree = "<group>";
		};
		BC1630DC1B5603580021E125 /* CoreData */ = {
			isa = PBXGroup;
			children = (
				BC1630E11B5603580021E125 /* AppDelegate.h */,
				BC1630E21B5603580021E125 /* AppDelegate.m */,
				BC1631021B560A750021E125 /* CoreDataViewController.h */,
				BC1631031B560A750021E125 /* CoreDataViewController.m */,
				BC1631001B5609310021E125 /* Main.storyboard */,
				BC1630E71B5603580021E125 /* Images.xcassets */,
				BC1630E91B5603580021E125 /* LaunchScreen.xib */,
				BC1630E41B5603580021E125 /* CoreData.xcdatamodeld */,
				BC1630DD1B5603580021E125 /* Supporting Files */,
			);
			path = CoreData;
			sourceTree = "<group>";
		};
		BC1630DD1B5603580021E125 /* Supporting Files */ = {
			isa = PBXGroup;
			children = (
				BC1630DE1B5603580021E125 /* Info.plist */,
				BC1630DF1B5603580021E125 /* main.m */,
			);
			name = "Supporting Files";
			sourceTree = "<group>";
		};
		BC1630F31B5603580021E125 /* CoreDataTests */ = {
			isa = PBXGroup;
			children = (
				BC1630F61B5603580021E125 /* CoreDataTests.m */,
				BC1630F41B5603580021E125 /* Supporting Files */,
			);
			path = CoreDataTests;
			sourceTree = "<group>";
		};
		BC1630F41B5603580021E125 /* Supporting Files */ = {
			isa = PBXGroup;
			children = (
				BC1630F51B5603580021E125 /* Info.plist */,
			);
			name = "Supporting Files";
			sourceTree = "<group>";
		};
/* End PBXGroup section */

/* Begin PBXNativeTarget section */
		BC1630D91B5603580021E125 /* CoreData */ = {
			isa = PBXNativeTarget;
			buildConfigurationList = BC1630FA1B5603580021E125 /* Build configuration list for PBXNativeTarget "CoreData" */;
			buildPhases = (
				BC1630D61B5603580021E125 /* Sources */,
				BC1630D71B5603580021E125 /* Frameworks */,
				BC1630D81B5603580021E125 /* Resources */,
			);
			buildRules = (
			);
			dependencies = (
			);
			name = CoreData;
			productName = CoreData;
			productReference = BC1630DA1B5603580021E125 /* CoreData.app */;
			productType = "com.apple.product-type.application";
		};
		BC1630EF1B5603580021E125 /* CoreDataTests */ = {
			isa = PBXNativeTarget;
			buildConfigurationList = BC1630FD1B5603580021E125 /* Build configuration list for PBXNativeTarget "CoreDataTests" */;
			buildPhases = (
				BC1630EC1B5603580021E125 /* Sources */,
				BC1630ED1B5603580021E125 /* Frameworks */,
				BC1630EE1B5603580021E125 /* Resources */,
			);
			buildRules = (
			);
			dependencies = (
				BC1630F21B5603580021E125 /* PBXTargetDependency */,
			);
			name = CoreDataTests;
			productName = CoreDataTests;
			productReference = BC1630F01B5603580021E125 /* CoreDataTests.xctest */;
			productType = "com.apple.product-type.bundle.unit-test";
		};
/* End PBXNativeTarget section */

/* Begin PBXProject section */
		BC1630D21B5603580021E125 /* Project object */ = {
			isa = PBXProject;
			attributes = {
				LastUpgradeCheck = 0640;
				ORGANIZATIONNAME = "Diego Aguirre";
				TargetAttributes = {
					BC1630D91B5603580021E125 = {
						CreatedOnToolsVersion = 6.4;
					};
					BC1630EF1B5603580021E125 = {
						CreatedOnToolsVersion = 6.4;
						TestTargetID = BC1630D91B5603580021E125;
					};
				};
			};
			buildConfigurationList = BC1630D51B5603580021E125 /* Build configuration list for PBXProject "CoreData" */;
			compatibilityVersion = "Xcode 3.2";
			developmentRegion = English;
			hasScannedForEncodings = 0;
			knownRegions = (
				en,
				Base,
			);
			mainGroup = BC1630D11B5603580021E125;
			productRefGroup = BC1630DB1B5603580021E125 /* Products */;
			projectDirPath = "";
			projectRoot = "";
			targets = (
				BC1630D91B5603580021E125 /* CoreData */,
				BC1630EF1B5603580021E125 /* CoreDataTests */,
			);
		};
/* End PBXProject section */

/* Begin PBXResourcesBuildPhase section */
		BC1630D81B5603580021E125 /* Resources */ = {
			isa = PBXResourcesBuildPhase;
			buildActionMask = 2147483647;
			files = (
				BC1631011B5609310021E125 /* Main.storyboard in Resources */,
				BC1630EB1B5603580021E125 /* LaunchScreen.xib in Resources */,
				BC1630E81B5603580021E125 /* Images.xcassets in Resources */,
			);
			runOnlyForDeploymentPostprocessing = 0;
		};
		BC1630EE1B5603580021E125 /* Resources */ = {
			isa = PBXResourcesBuildPhase;
			buildActionMask = 2147483647;
			files = (
			);
			runOnlyForDeploymentPostprocessing = 0;
		};
/* End PBXResourcesBuildPhase section */

/* Begin PBXSourcesBuildPhase section */
		BC1630D61B5603580021E125 /* Sources */ = {
			isa = PBXSourcesBuildPhase;
			buildActionMask = 2147483647;
			files = (
				BC1630E31B5603580021E125 /* AppDelegate.m in Sources */,
				BC1631041B560A750021E125 /* CoreDataViewController.m in Sources */,
				BC1630E01B5603580021E125 /* main.m in Sources */,
				BC1630E61B5603580021E125 /* CoreData.xcdatamodeld in Sources */,
			);
			runOnlyForDeploymentPostprocessing = 0;
		};
		BC1630EC1B5603580021E125 /* Sources */ = {
			isa = PBXSourcesBuildPhase;
			buildActionMask = 2147483647;
			files = (
				BC1630F71B5603580021E125 /* CoreDataTests.m in Sources */,
			);
			runOnlyForDeploymentPostprocessing = 0;
		};
/* End PBXSourcesBuildPhase section */

/* Begin PBXTargetDependency section */
		BC1630F21B5603580021E125 /* PBXTargetDependency */ = {
			isa = PBXTargetDependency;
			target = BC1630D91B5603580021E125 /* CoreData */;
			targetProxy = BC1630F11B5603580021E125 /* PBXContainerItemProxy */;
		};
/* End PBXTargetDependency section */

/* Begin PBXVariantGroup section */
		BC1630E91B5603580021E125 /* LaunchScreen.xib */ = {
			isa = PBXVariantGroup;
			children = (
				BC1630EA1B5603580021E125 /* Base */,
			);
			name = LaunchScreen.xib;
			sourceTree = "<group>";
		};
/* End PBXVariantGroup section */

/* Begin XCBuildConfiguration section */
		BC1630F81B5603580021E125 /* Debug */ = {
			isa = XCBuildConfiguration;
			buildSettings = {
				ALWAYS_SEARCH_USER_PATHS = NO;
				CLANG_CXX_LANGUAGE_STANDARD = "gnu++0x";
				CLANG_CXX_LIBRARY = "libc++";
				CLANG_ENABLE_MODULES = YES;
				CLANG_ENABLE_OBJC_ARC = YES;
				CLANG_WARN_BOOL_CONVERSION = YES;
				CLANG_WARN_CONSTANT_CONVERSION = YES;
				CLANG_WARN_DIRECT_OBJC_ISA_USAGE = YES_ERROR;
				CLANG_WARN_EMPTY_BODY = YES;
				CLANG_WARN_ENUM_CONVERSION = YES;
				CLANG_WARN_INT_CONVERSION = YES;
				CLANG_WARN_OBJC_ROOT_CLASS = YES_ERROR;
				CLANG_WARN_UNREACHABLE_CODE = YES;
				CLANG_WARN__DUPLICATE_METHOD_MATCH = YES;
				"CODE_SIGN_IDENTITY[sdk=iphoneos*]" = "iPhone Developer";
				COPY_PHASE_STRIP = NO;
				DEBUG_INFORMATION_FORMAT = "dwarf-with-dsym";
				ENABLE_STRICT_OBJC_MSGSEND = YES;
				GCC_C_LANGUAGE_STANDARD = gnu99;
				GCC_DYNAMIC_NO_PIC = NO;
				GCC_NO_COMMON_BLOCKS = YES;
				GCC_OPTIMIZATION_LEVEL = 0;
				GCC_PREPROCESSOR_DEFINITIONS = (
					"DEBUG=1",
					"$(inherited)",
				);
				GCC_SYMBOLS_PRIVATE_EXTERN = NO;
				GCC_WARN_64_TO_32_BIT_CONVERSION = YES;
				GCC_WARN_ABOUT_RETURN_TYPE = YES_ERROR;
				GCC_WARN_UNDECLARED_SELECTOR = YES;
				GCC_WARN_UNINITIALIZED_AUTOS = YES_AGGRESSIVE;
				GCC_WARN_UNUSED_FUNCTION = YES;
				GCC_WARN_UNUSED_VARIABLE = YES;
				IPHONEOS_DEPLOYMENT_TARGET = 8.4;
				MTL_ENABLE_DEBUG_INFO = YES;
				ONLY_ACTIVE_ARCH = YES;
				SDKROOT = iphoneos;
			};
			name = Debug;
		};
		BC1630F91B5603580021E125 /* Release */ = {
			isa = XCBuildConfiguration;
			buildSettings = {
				ALWAYS_SEARCH_USER_PATHS = NO;
				CLANG_CXX_LANGUAGE_STANDARD = "gnu++0x";
				CLANG_CXX_LIBRARY = "libc++";
				CLANG_ENABLE_MODULES = YES;
				CLANG_ENABLE_OBJC_ARC = YES;
				CLANG_WARN_BOOL_CONVERSION = YES;
				CLANG_WARN_CONSTANT_CONVERSION = YES;
				CLANG_WARN_DIRECT_OBJC_ISA_USAGE = YES_ERROR;
				CLANG_WARN_EMPTY_BODY = YES;
				CLANG_WARN_ENUM_CONVERSION = YES;
				CLANG_WARN_INT_CONVERSION = YES;
				CLANG_WARN_OBJC_ROOT_CLASS = YES_ERROR;
				CLANG_WARN_UNREACHABLE_CODE = YES;
				CLANG_WARN__DUPLICATE_METHOD_MATCH = YES;
				"CODE_SIGN_IDENTITY[sdk=iphoneos*]" = "iPhone Developer";
				COPY_PHASE_STRIP = NO;
				DEBUG_INFORMATION_FORMAT = "dwarf-with-dsym";
				ENABLE_NS_ASSERTIONS = NO;
				ENABLE_STRICT_OBJC_MSGSEND = YES;
				GCC_C_LANGUAGE_STANDARD = gnu99;
				GCC_NO_COMMON_BLOCKS = YES;
				GCC_WARN_64_TO_32_BIT_CONVERSION = YES;
				GCC_WARN_ABOUT_RETURN_TYPE = YES_ERROR;
				GCC_WARN_UNDECLARED_SELECTOR = YES;
				GCC_WARN_UNINITIALIZED_AUTOS = YES_AGGRESSIVE;
				GCC_WARN_UNUSED_FUNCTION = YES;
				GCC_WARN_UNUSED_VARIABLE = YES;
				IPHONEOS_DEPLOYMENT_TARGET = 8.4;
				MTL_ENABLE_DEBUG_INFO = NO;
				SDKROOT = iphoneos;
				VALIDATE_PRODUCT = YES;
			};
			name = Release;
		};
		BC1630FB1B5603580021E125 /* Debug */ = {
			isa = XCBuildConfiguration;
			buildSettings = {
				ASSETCATALOG_COMPILER_APPICON_NAME = AppIcon;
				INFOPLIST_FILE = CoreData/Info.plist;
				LD_RUNPATH_SEARCH_PATHS = "$(inherited) @executable_path/Frameworks";
				PRODUCT_NAME = "$(TARGET_NAME)";
			};
			name = Debug;
		};
		BC1630FC1B5603580021E125 /* Release */ = {
			isa = XCBuildConfiguration;
			buildSettings = {
				ASSETCATALOG_COMPILER_APPICON_NAME = AppIcon;
				INFOPLIST_FILE = CoreData/Info.plist;
				LD_RUNPATH_SEARCH_PATHS = "$(inherited) @executable_path/Frameworks";
				PRODUCT_NAME = "$(TARGET_NAME)";
			};
			name = Release;
		};
		BC1630FE1B5603580021E125 /* Debug */ = {
			isa = XCBuildConfiguration;
			buildSettings = {
				BUNDLE_LOADER = "$(TEST_HOST)";
				FRAMEWORK_SEARCH_PATHS = (
					"$(SDKROOT)/Developer/Library/Frameworks",
					"$(inherited)",
				);
				GCC_PREPROCESSOR_DEFINITIONS = (
					"DEBUG=1",
					"$(inherited)",
				);
				INFOPLIST_FILE = CoreDataTests/Info.plist;
				LD_RUNPATH_SEARCH_PATHS = "$(inherited) @executable_path/Frameworks @loader_path/Frameworks";
				PRODUCT_NAME = "$(TARGET_NAME)";
				TEST_HOST = "$(BUILT_PRODUCTS_DIR)/CoreData.app/CoreData";
			};
			name = Debug;
		};
		BC1630FF1B5603580021E125 /* Release */ = {
			isa = XCBuildConfiguration;
			buildSettings = {
				BUNDLE_LOADER = "$(TEST_HOST)";
				FRAMEWORK_SEARCH_PATHS = (
					"$(SDKROOT)/Developer/Library/Frameworks",
					"$(inherited)",
				);
				INFOPLIST_FILE = CoreDataTests/Info.plist;
				LD_RUNPATH_SEARCH_PATHS = "$(inherited) @executable_path/Frameworks @loader_path/Frameworks";
				PRODUCT_NAME = "$(TARGET_NAME)";
				TEST_HOST = "$(BUILT_PRODUCTS_DIR)/CoreData.app/CoreData";
			};
			name = Release;
		};
/* End XCBuildConfiguration section */

/* Begin XCConfigurationList section */
		BC1630D51B5603580021E125 /* Build configuration list for PBXProject "CoreData" */ = {
			isa = XCConfigurationList;
			buildConfigurations = (
				BC1630F81B5603580021E125 /* Debug */,
				BC1630F91B5603580021E125 /* Release */,
			);
			defaultConfigurationIsVisible = 0;
			defaultConfigurationName = Release;
		};
		BC1630FA1B5603580021E125 /* Build configuration list for PBXNativeTarget "CoreData" */ = {
			isa = XCConfigurationList;
			buildConfigurations = (
				BC1630FB1B5603580021E125 /* Debug */,
				BC1630FC1B5603580021E125 /* Release */,
			);
			defaultConfigurationIsVisible = 0;
		};
		BC1630FD1B5603580021E125 /* Build configuration list for PBXNativeTarget "CoreDataTests" */ = {
			isa = XCConfigurationList;
			buildConfigurations = (
				BC1630FE1B5603580021E125 /* Debug */,
				BC1630FF1B5603580021E125 /* Release */,
			);
			defaultConfigurationIsVisible = 0;
		};
/* End XCConfigurationList section */

/* Begin XCVersionGroup section */
		BC1630E41B5603580021E125 /* CoreData.xcdatamodeld */ = {
			isa = XCVersionGroup;
			children = (
				BC1630E51B5603580021E125 /* CoreData.xcdatamodel */,
			);
			currentVersion = BC1630E51B5603580021E125 /* CoreData.xcdatamodel */;
			path = CoreData.xcdatamodeld;
			sourceTree = "<group>";
			versionGroupType = wrapper.xcdatamodel;
		};
/* End XCVersionGroup section */
	};
	rootObject = BC1630D21B5603580021E125 /* Project object */;
}
